{
  "name": "new-package",
  "version": "1.0.0",
  "lockfileVersion": 3,
  "requires": true,
  "packages": {
    "": {
      "name": "new-package",
      "version": "1.0.0",
      "license": "ISC",
      "dependencies": {
        "greet-anderson": "^1.0.0"
      }
    },
    "node_modules/greet-anderson": {
      "version": "1.0.0",
      "resolved": "https://registry.npmjs.org/greet-anderson/-/greet-anderson-1.0.0.tgz",
      "integrity": "sha512-4HsMt1rosiFCtx0KkJ6P3RQz6dtIO+mFsVbrkSGoBjGu4emmFXiWpE1dDNg/+6PBHvBVX8Qj5RkRaZeKvEPTVA=="
    }
  }
}
